{
  "version": 4,
  "terraform_version": "1.11.3",
  "serial": 3,
  "lineage": "69c2f955-e0be-adc8-b683-f0f3f8cb551b",
  "outputs": {
    "ecr_repository_url": {
      "value": "767397914878.dkr.ecr.us-west-1.amazonaws.com/medusa",
      "type": "string"
    }
  },
  "resources": [
    {
      "mode": "managed",
      "type": "aws_ecr_repository",
      "name": "medusa",
      "provider": "provider[\"registry.terraform.io/hashicorp/aws\"]",
      "instances": [
        {
          "schema_version": 0,
          "attributes": {
            "arn": "arn:aws:ecr:us-west-1:767397914878:repository/medusa",
            "encryption_configuration": [
              {
                "encryption_type": "AES256",
                "kms_key": ""
              }
            ],
            "force_delete": null,
            "id": "medusa",
            "image_scanning_configuration": [
              {
                "scan_on_push": false
              }
            ],
            "image_tag_mutability": "MUTABLE",
            "name": "medusa",
            "registry_id": "767397914878",
            "repository_url": "767397914878.dkr.ecr.us-west-1.amazonaws.com/medusa",
            "tags": null,
            "tags_all": {},
            "timeouts": null
          },
          "sensitive_attributes": [],
          "private": "eyJlMmJmYjczMC1lY2FhLTExZTYtOGY4OC0zNDM2M2JjN2M0YzAiOnsiZGVsZXRlIjoxMjAwMDAwMDAwMDAwfX0="
        }
      ]
    }
  ],
  "check_results": null
}
